
Microsoft Visual Studio Solution File, Format Version 12.00
# Visual Studio 15
VisualStudioVersion = 15.0.27428.2027
MinimumVisualStudioVersion = 10.0.40219.1
Project("{F184B08F-C81C-45F6-A57F-5ABD9991F28F}") = "lab 1", "lab 1\lab 1.vbproj", "{F3DB891B-1DBD-4832-AF74-1D75363A3371}"
EndProject
Global
	GlobalSection(SolutionConfigurationPlatforms) = preSolution
		Debug|Any CPU = Debug|Any CPU
		Release|Any CPU = Release|Any CPU
	EndGlobalSection
	GlobalSection(ProjectConfigurationPlatforms) = postSolution
		{F3DB891B-1DBD-4832-AF74-1D75363A3371}.Debug|Any CPU.ActiveCfg = Debug|Any CPU
		{F3DB891B-1DBD-4832-AF74-1D75363A3371}.Debug|Any CPU.Build.0 = Debug|Any CPU
		{F3DB891B-1DBD-4832-AF74-1D75363A3371}.Release|Any CPU.ActiveCfg = Release|Any CPU
		{F3DB891B-1DBD-4832-AF74-1D75363A3371}.Release|Any CPU.Build.0 = Release|Any CPU
	EndGlobalSection
	GlobalSection(SolutionProperties) = preSolution
		HideSolutionNode = FALSE
	EndGlobalSection
	GlobalSection(ExtensibilityGlobals) = postSolution
		SolutionGuid = {B3C95515-18E0-4FD2-9BD0-E9CCFE4095BE}
	EndGlobalSection
EndGlobal
